{"SurveyEntry":{"SurveyID":"SV_9AG3nASPtAAqMB0","SurveyName":"MOS Duration Study","SurveyDescription":null,"SurveyOwnerID":"UR_0rHBNkbbLDaHnlY","SurveyBrandID":"rug","DivisionID":null,"SurveyLanguage":"EN","SurveyActiveResponseSet":"RS_9tUxQ8mVaoR4DaK","SurveyStatus":"Active","SurveyStartDate":"0000-00-00 00:00:00","SurveyExpirationDate":"0000-00-00 00:00:00","SurveyCreationDate":"2024-05-17 06:04:13","CreatorID":"UR_0rHBNkbbLDaHnlY","LastModified":"2024-06-08 14:45:54","LastAccessed":"0000-00-00 00:00:00","LastActivated":"2024-05-21 05:19:59","Deleted":null},"SurveyElements":[{"SurveyID":"SV_9AG3nASPtAAqMB0","Element":"BL","PrimaryAttribute":"Survey Blocks","SecondaryAttribute":null,"TertiaryAttribute":null,"Payload":[{"Type":"Default","Description":"Introduction","ID":"BL_br9Ryys9KJxUDS6","BlockElements":[{"Type":"Question","QuestionID":"QID3"}],"Options":{"BlockLocking":"false","RandomizeQuestions":"false","BlockVisibility":"Expanded"}},{"Type":"Trash","Description":"Trash \/ Unused Questions","ID":"BL_0AhNcl1NP8JTHXo","BlockElements":[]},{"Type":"Standard","SubType":"","Description":"Parler TTS Mini Expresso - Jerry - WORD","ID":"BL_3UT1WJ7t1ZmsVRc","BlockElements":[{"Type":"Question","QuestionID":"QID4"}],"Options":{"BlockLocking":"false","RandomizeQuestions":"RandomWithXPerPage","BlockVisibility":"Collapsed","Randomization":{"Advanced":{"QuestionsPerPage":0}}}},{"Type":"Standard","SubType":"","Description":"Microsoft SpeechT5 TTS - Word","ID":"BL_4N348I9SUgE7obk","BlockElements":[{"Type":"Question","QuestionID":"QID8"}],"Options":{"BlockLocking":"false","RandomizeQuestions":"RandomWithXPerPage","BlockVisibility":"Collapsed","Randomization":{"Advanced":{"QuestionsPerPage":0}}}},{"Type":"Standard","SubType":"","Description":"Parler TTS Mini Expresso - Elisabeth Happy - WORD","ID":"BL_0AjSfjRkTGmroB8","BlockElements":[{"Type":"Question","QuestionID":"QID12"}],"Options":{"BlockLocking":"false","RandomizeQuestions":"RandomWithXPerPage","BlockVisibility":"Collapsed","Randomization":{"Advanced":{"QuestionsPerPage":0}}}},{"Type":"Standard","SubType":"","Description":"Parler TTS Mini Expresso - Jerry - PHRASE","ID":"BL_1YRBLybe1k5KtX8","BlockElements":[{"Type":"Question","QuestionID":"QID5"}],"Options":{"BlockLocking":"false","RandomizeQuestions":"false","BlockVisibility":"Collapsed"}},{"Type":"Standard","SubType":"","Description":"Parler TTS Mini Expresso - Jerry - SENTENCE","ID":"BL_6XAz4QhfBj4Na0C","BlockElements":[{"Type":"Question","QuestionID":"QID7"}],"Options":{"BlockLocking":"false","RandomizeQuestions":"false","BlockVisibility":"Collapsed"}},{"Type":"Standard","SubType":"","Description":"Parler TTS Mini Expresso - Jerry - MULTI-SENTENCE","ID":"BL_cO2jschbfZ8HSUS","BlockElements":[{"Type":"Question","QuestionID":"QID6"}],"Options":{"BlockLocking":"false","RandomizeQuestions":"false","BlockVisibility":"Collapsed"}},{"Type":"Standard","SubType":"","Description":"Parler TTS Mini Expresso - Elisabeth Happy - PHRASE","ID":"BL_0Dso1NfppBvirmC","BlockElements":[{"Type":"Question","QuestionID":"QID15"}],"Options":{"BlockLocking":"false","RandomizeQuestions":"false","BlockVisibility":"Collapsed"}},{"Type":"Standard","SubType":"","Description":"Parler TTS Mini Expresso - Elisabeth Happy - SENTENCE","ID":"BL_9YobkWgnKhCNbmK","BlockElements":[{"Type":"Question","QuestionID":"QID14"}],"Options":{"BlockLocking":"false","RandomizeQuestions":"false","BlockVisibility":"Collapsed"}},{"Type":"Standard","SubType":"","Description":"Parler TTS Mini Expresso - Elisabeth Happy - MULTI","ID":"BL_cBUBq5ws7mnv3bU","BlockElements":[{"Type":"Question","QuestionID":"QID13"}],"Options":{"BlockLocking":"false","RandomizeQuestions":"false","BlockVisibility":"Collapsed"}},{"Type":"Standard","SubType":"","Description":"Microsoft SpeechT5 TTS - Phrase","ID":"BL_5AsddJngu61eTBQ","BlockElements":[{"Type":"Question","QuestionID":"QID9"}],"Options":{"BlockLocking":"false","RandomizeQuestions":"false","BlockVisibility":"Collapsed"}},{"Type":"Standard","SubType":"","Description":"Microsoft SpeechT5 TTS - Sentence","ID":"BL_b8D1LAwzUcnw2sC","BlockElements":[{"Type":"Question","QuestionID":"QID10"}],"Options":{"BlockLocking":"false","RandomizeQuestions":"false","BlockVisibility":"Collapsed"}},{"Type":"Standard","SubType":"","Description":"Microsoft SpeechT5 TTS - Multi","ID":"BL_81XyHTs1Vk7LIqO","BlockElements":[{"Type":"Question","QuestionID":"QID11"}],"Options":{"BlockLocking":"false","RandomizeQuestions":"false","BlockVisibility":"Collapsed"}}]},{"SurveyID":"SV_9AG3nASPtAAqMB0","Element":"FL","PrimaryAttribute":"Survey Flow","SecondaryAttribute":null,"TertiaryAttribute":null,"Payload":{"Type":"Root","FlowID":"FL_1","Flow":[{"Type":"Block","ID":"BL_br9Ryys9KJxUDS6","FlowID":"FL_2","Autofill":[]},{"Type":"BlockRandomizer","FlowID":"FL_7","SubSet":1,"EvenPresentation":true,"Flow":[{"Type":"Group","FlowID":"FL_12","Description":"Parler TTS Mini Expresso - Jerry","Flow":[{"Type":"BlockRandomizer","FlowID":"FL_13","SubSet":4,"Flow":[{"Type":"Standard","ID":"BL_3UT1WJ7t1ZmsVRc","FlowID":"FL_3","Autofill":[]},{"Type":"Standard","ID":"BL_1YRBLybe1k5KtX8","FlowID":"FL_9","Autofill":[]},{"Type":"Standard","ID":"BL_6XAz4QhfBj4Na0C","FlowID":"FL_10","Autofill":[]},{"Type":"Standard","ID":"BL_cO2jschbfZ8HSUS","FlowID":"FL_11","Autofill":[]}]}]},{"Type":"Group","FlowID":"FL_14","Description":"Parler TTS Mini Expresso - Elisabeth Happy","Flow":[{"Type":"BlockRandomizer","FlowID":"FL_15","SubSet":4,"Flow":[{"Type":"Standard","ID":"BL_0AjSfjRkTGmroB8","FlowID":"FL_5","Autofill":[]},{"Type":"Standard","ID":"BL_0Dso1NfppBvirmC","FlowID":"FL_18","Autofill":[]},{"Type":"Standard","ID":"BL_9YobkWgnKhCNbmK","FlowID":"FL_19","Autofill":[]},{"Type":"Standard","ID":"BL_cBUBq5ws7mnv3bU","FlowID":"FL_20","Autofill":[]}]}]},{"Type":"Group","FlowID":"FL_16","Description":"Microsoft SpeechT5 TTS","Flow":[{"Type":"BlockRandomizer","FlowID":"FL_17","SubSet":4,"Flow":[{"Type":"Standard","ID":"BL_4N348I9SUgE7obk","FlowID":"FL_4","Autofill":[]},{"Type":"Standard","ID":"BL_5AsddJngu61eTBQ","FlowID":"FL_21","Autofill":[]},{"Type":"Standard","ID":"BL_b8D1LAwzUcnw2sC","FlowID":"FL_22","Autofill":[]},{"Type":"Standard","ID":"BL_81XyHTs1Vk7LIqO","FlowID":"FL_23","Autofill":[]}]}]}]},{"Type":"EndSurvey","FlowID":"FL_8"}],"Properties":{"Count":23,"RemovedFieldsets":[]}}},{"SurveyID":"SV_9AG3nASPtAAqMB0","Element":"PL","PrimaryAttribute":"Preview Link","SecondaryAttribute":null,"TertiaryAttribute":null,"Payload":{"PreviewType":"Public","PreviewID":"55aca39d-ccf2-4587-b115-3a6cc84f6fad"}},{"SurveyID":"SV_9AG3nASPtAAqMB0","Element":"SO","PrimaryAttribute":"Survey Options","SecondaryAttribute":null,"TertiaryAttribute":null,"Payload":{"BackButton":"false","SaveAndContinue":"true","SurveyProtection":"PublicSurvey","BallotBoxStuffingPrevention":"false","NoIndex":"Yes","SecureResponseFiles":"true","SurveyExpiration":"None","SurveyTermination":"DisplayMessage","Header":"","Footer":"","ProgressBarDisplay":"None","PartialData":"+1 week","ValidationMessage":null,"PreviousButton":"","NextButton":"","SurveyTitle":"Qualtrics Survey | Qualtrics Experience Management","SkinLibrary":"rug","SkinType":"templated","Skin":{"brandingId":"5140393125","templateId":"*base","overrides":null},"NewScoring":1,"SurveyMetaDescription":"The most powerful, simple and trusted way to gather experience data. Start your journey to experience management and try a free account today.","SurveyName":"MOS Duration Study","EOSMessage":"MS_1X2KGLlkmA9ndXg","ShowExportTags":"false","CollectGeoLocation":"false","PasswordProtection":"No","AnonymizeResponse":"No","RefererCheck":"No","UseCustomSurveyLinkCompletedMessage":null,"SurveyLinkCompletedMessage":null,"SurveyLinkCompletedMessageLibrary":null,"ResponseSummary":"No","EOSMessageLibrary":"UR_0rHBNkbbLDaHnlY","EOSRedirectURL":null,"EmailThankYou":"false","ThankYouEmailMessageLibrary":null,"ThankYouEmailMessage":null,"ValidateMessage":"false","ValidationMessageLibrary":null,"InactiveSurvey":null,"PartialDeletion":null,"PartialDataCloseAfter":"LastActivity","InactiveMessageLibrary":null,"InactiveMessage":null,"AvailableLanguages":{"EN":[]},"ProtectSelectionIds":true}},{"SurveyID":"SV_9AG3nASPtAAqMB0","Element":"SCO","PrimaryAttribute":"Scoring","SecondaryAttribute":null,"TertiaryAttribute":null,"Payload":{"ScoringCategories":[],"ScoringCategoryGroups":[],"ScoringSummaryCategory":null,"ScoringSummaryAfterQuestions":0,"ScoringSummaryAfterSurvey":0,"DefaultScoringCategory":null,"AutoScoringCategory":null}},{"SurveyID":"SV_9AG3nASPtAAqMB0","Element":"PROJ","PrimaryAttribute":"CORE","SecondaryAttribute":null,"TertiaryAttribute":"1.1.0","Payload":{"ProjectCategory":"CORE","SchemaVersion":"1.1.0"}},{"SurveyID":"SV_9AG3nASPtAAqMB0","Element":"STAT","PrimaryAttribute":"Survey Statistics","SecondaryAttribute":null,"TertiaryAttribute":null,"Payload":{"MobileCompatible":true,"ID":"Survey Statistics"}},{"SurveyID":"SV_9AG3nASPtAAqMB0","Element":"QC","PrimaryAttribute":"Survey Question Count","SecondaryAttribute":"15","TertiaryAttribute":null,"Payload":null},{"SurveyID":"SV_9AG3nASPtAAqMB0","Element":"RS","PrimaryAttribute":"RS_9tUxQ8mVaoR4DaK","SecondaryAttribute":"Default Response Set","TertiaryAttribute":null,"Payload":null},{"SurveyID":"SV_9AG3nASPtAAqMB0","Element":"SQ","PrimaryAttribute":"QID9","SecondaryAttribute":"Please listen to the following speech sample and rate its naturalness.","TertiaryAttribute":null,"Payload":{"QuestionText":"Please listen to the following speech sample and rate its naturalness.<br>\n<br>\n<audio width=\"320\" preload=\"auto\" height=\"40\" controls=\"true\" class=\"qmedia\"><source type=\"audio\/wav\" src=\"https:\/\/rug.eu.qualtrics.com\/CP\/File.php?F=F_eCBYstktwV7GeQm\"><\/audio>","DefaultChoices":false,"DataExportTag":"3 - Phrase","QuestionType":"MC","Selector":"SAVR","SubSelector":"TX","DataVisibility":{"Private":false,"Hidden":false},"Configuration":{"QuestionDescriptionOption":"UseText"},"QuestionDescription":"Please listen to the following speech sample and rate its naturalness.","Choices":{"1":{"Display":"1 - Bad"},"2":{"Display":"2 - Poor"},"3":{"Display":"3 - Fair"},"4":{"Display":"4 - Good"},"5":{"Display":"5 - Excellent"}},"ChoiceOrder":[1,2,3,4,5],"Validation":{"Settings":{"ForceResponse":"ON","ForceResponseType":"ON","Type":"None"}},"GradingData":[],"Language":[],"NextChoiceId":6,"NextAnswerId":1,"QuestionID":"QID9"}},{"SurveyID":"SV_9AG3nASPtAAqMB0","Element":"SQ","PrimaryAttribute":"QID13","SecondaryAttribute":"Please listen to the following speech sample and rate its naturalness.","TertiaryAttribute":null,"Payload":{"QuestionText":"Please listen to the following speech sample and rate its naturalness.<br>\n<br>\n<audio width=\"320\" preload=\"auto\" height=\"40\" controls=\"true\" class=\"qmedia\"><source type=\"audio\/wav\" src=\"https:\/\/rug.eu.qualtrics.com\/CP\/File.php?F=F_2sNxiF81SNmEYqG\"><\/audio>","DefaultChoices":false,"DataExportTag":"2 - Multi-Sentence","QuestionType":"MC","Selector":"SAVR","SubSelector":"TX","DataVisibility":{"Private":false,"Hidden":false},"Configuration":{"QuestionDescriptionOption":"UseText"},"QuestionDescription":"Please listen to the following speech sample and rate its naturalness.","Choices":{"1":{"Display":"1 - Bad"},"2":{"Display":"2 - Poor"},"3":{"Display":"3 - Fair"},"4":{"Display":"4 - Good"},"5":{"Display":"5 - Excellent"}},"ChoiceOrder":[1,2,3,4,5],"Validation":{"Settings":{"ForceResponse":"ON","ForceResponseType":"ON","Type":"None"}},"GradingData":[],"Language":[],"NextChoiceId":6,"NextAnswerId":1,"QuestionID":"QID13"}},{"SurveyID":"SV_9AG3nASPtAAqMB0","Element":"SQ","PrimaryAttribute":"QID14","SecondaryAttribute":"Please listen to the following speech sample and rate its naturalness.","TertiaryAttribute":null,"Payload":{"QuestionText":"Please listen to the following speech sample and rate its naturalness.<br>\n<audio width=\"320\" preload=\"auto\" height=\"40\" controls=\"true\" class=\"qmedia\"><source type=\"audio\/wav\" src=\"https:\/\/rug.eu.qualtrics.com\/CP\/File.php?F=F_6tZkpesq13dLojQ\"><\/audio>","DefaultChoices":false,"DataExportTag":"2 - Sentence","QuestionType":"MC","Selector":"SAVR","SubSelector":"TX","DataVisibility":{"Private":false,"Hidden":false},"Configuration":{"QuestionDescriptionOption":"UseText"},"QuestionDescription":"Please listen to the following speech sample and rate its naturalness.","Choices":{"1":{"Display":"1 - Bad"},"2":{"Display":"2 - Poor"},"3":{"Display":"3 - Fair"},"4":{"Display":"4 - Good"},"5":{"Display":"5 - Excellent"}},"ChoiceOrder":[1,2,3,4,5],"Validation":{"Settings":{"ForceResponse":"ON","ForceResponseType":"ON","Type":"None"}},"GradingData":[],"Language":[],"NextChoiceId":6,"NextAnswerId":1,"QuestionID":"QID14"}},{"SurveyID":"SV_9AG3nASPtAAqMB0","Element":"SQ","PrimaryAttribute":"QID4","SecondaryAttribute":"Please listen to the following speech sample and rate its naturalness. \u00a0","TertiaryAttribute":null,"Payload":{"QuestionText":"Please listen to the following speech sample and rate its naturalness.<br>\n<audio class=\"qmedia\" controls=\"true\" height=\"40\" preload=\"auto\" width=\"320\"><source src=\"https:\/\/rug.eu.qualtrics.com\/CP\/File.php?F=F_3xUNPOamQcWiJSe\" type=\"audio\/wav\"><\/audio>\n<br>\n<br>\n&nbsp;","DefaultChoices":false,"DataExportTag":"1 - Word","QuestionType":"MC","Selector":"SAVR","SubSelector":"TX","DataVisibility":{"Private":false,"Hidden":false},"Configuration":{"QuestionDescriptionOption":"UseText"},"QuestionDescription":"Please listen to the following speech sample and rate its naturalness. \u00a0","Choices":{"1":{"Display":"1 - Bad"},"2":{"Display":"2 - Poor"},"3":{"Display":"3 - Fair"},"4":{"Display":"4 - Good"},"5":{"Display":"5 - Excellent"}},"ChoiceOrder":[1,2,3,4,5],"Validation":{"Settings":{"ForceResponse":"ON","ForceResponseType":"ON","Type":"None"}},"GradingData":[],"Language":[],"NextChoiceId":6,"NextAnswerId":1,"QuestionID":"QID4"}},{"SurveyID":"SV_9AG3nASPtAAqMB0","Element":"SQ","PrimaryAttribute":"QID5","SecondaryAttribute":"Please listen to the following speech sample and rate its naturalness.\u00a0","TertiaryAttribute":null,"Payload":{"QuestionText":"Please listen to the following speech sample and rate its naturalness.&nbsp;<br>\n<br>\n<audio width=\"320\" preload=\"auto\" height=\"40\" controls=\"true\" class=\"qmedia\"><source type=\"audio\/wav\" src=\"https:\/\/rug.eu.qualtrics.com\/CP\/File.php?F=F_8dp6dSo101nDFOe\"><\/audio>","DefaultChoices":false,"DataExportTag":"1 - Phrase","QuestionType":"MC","Selector":"SAVR","SubSelector":"TX","DataVisibility":{"Private":false,"Hidden":false},"Configuration":{"QuestionDescriptionOption":"UseText"},"QuestionDescription":"Please listen to the following speech sample and rate its naturalness.\u00a0","Choices":{"1":{"Display":"1 - Bad"},"2":{"Display":"2 - Poor"},"3":{"Display":"3 - Fair"},"4":{"Display":"4 - Good"},"5":{"Display":"5 - Excellent"}},"ChoiceOrder":[1,2,3,4,5],"Validation":{"Settings":{"ForceResponse":"ON","ForceResponseType":"ON","Type":"None"}},"GradingData":[],"Language":[],"NextChoiceId":6,"NextAnswerId":1,"QuestionID":"QID5"}},{"SurveyID":"SV_9AG3nASPtAAqMB0","Element":"SQ","PrimaryAttribute":"QID6","SecondaryAttribute":"Please listen to the following speech sample and rate its naturalness.\u00a0","TertiaryAttribute":null,"Payload":{"QuestionText":"Please listen to the following speech sample and rate its naturalness.&nbsp;<br>\n<br>\n<audio width=\"320\" preload=\"auto\" height=\"40\" controls=\"true\" class=\"qmedia\"><source type=\"audio\/wav\" src=\"https:\/\/rug.eu.qualtrics.com\/CP\/File.php?F=F_3sG8P5BXVyp3Zae\"><\/audio>","DefaultChoices":false,"DataExportTag":"1 - Multi-Sentence","QuestionType":"MC","Selector":"SAVR","SubSelector":"TX","DataVisibility":{"Private":false,"Hidden":false},"Configuration":{"QuestionDescriptionOption":"UseText"},"QuestionDescription":"Please listen to the following speech sample and rate its naturalness.\u00a0","Choices":{"1":{"Display":"1 - Bad"},"2":{"Display":"2 - Poor"},"3":{"Display":"3 - Fair"},"4":{"Display":"4 - Good"},"5":{"Display":"5 - Excellent"}},"ChoiceOrder":[1,2,3,4,5],"Validation":{"Settings":{"ForceResponse":"ON","ForceResponseType":"ON","Type":"None"}},"GradingData":[],"Language":[],"NextChoiceId":6,"NextAnswerId":1,"QuestionID":"QID6"}},{"SurveyID":"SV_9AG3nASPtAAqMB0","Element":"SQ","PrimaryAttribute":"QID7","SecondaryAttribute":"Please listen to the following speech sample and rate its naturalness.\u00a0","TertiaryAttribute":null,"Payload":{"QuestionText":"Please listen to the following speech sample and rate its naturalness.&nbsp;<br>\n<audio width=\"320\" preload=\"auto\" height=\"40\" controls=\"true\" class=\"qmedia\"><source type=\"audio\/wav\" src=\"https:\/\/rug.eu.qualtrics.com\/CP\/File.php?F=F_9NYFsjZRXbM3pdk\"><\/audio>","DefaultChoices":false,"DataExportTag":"1 - Sentence","QuestionType":"MC","Selector":"SAVR","SubSelector":"TX","DataVisibility":{"Private":false,"Hidden":false},"Configuration":{"QuestionDescriptionOption":"UseText"},"QuestionDescription":"Please listen to the following speech sample and rate its naturalness.\u00a0","Choices":{"1":{"Display":"1 - Bad"},"2":{"Display":"2 - Poor"},"3":{"Display":"3 - Fair"},"4":{"Display":"4 - Good"},"5":{"Display":"5 - Excellent"}},"ChoiceOrder":[1,2,3,4,5],"Validation":{"Settings":{"ForceResponse":"ON","ForceResponseType":"ON","Type":"None"}},"GradingData":[],"Language":[],"NextChoiceId":6,"NextAnswerId":1,"QuestionID":"QID7"}},{"SurveyID":"SV_9AG3nASPtAAqMB0","Element":"SQ","PrimaryAttribute":"QID8","SecondaryAttribute":"Please listen to the following speech sample and rate its naturalness.\u00a0","TertiaryAttribute":null,"Payload":{"QuestionText":"Please listen to the following speech sample and rate its naturalness.&nbsp;<br>\n<br>\n<audio class=\"qmedia\" controls=\"true\" height=\"40\" preload=\"auto\" width=\"320\"><source src=\"https:\/\/rug.eu.qualtrics.com\/CP\/File.php?F=F_dmqLs1ygSY2HVrM\" type=\"audio\/wav\"><\/audio>","DefaultChoices":false,"DataExportTag":"3 - Word","QuestionType":"MC","Selector":"SAVR","SubSelector":"TX","DataVisibility":{"Private":false,"Hidden":false},"Configuration":{"QuestionDescriptionOption":"UseText"},"QuestionDescription":"Please listen to the following speech sample and rate its naturalness.\u00a0","Choices":{"1":{"Display":"1 - Bad"},"2":{"Display":"2 - Poor"},"3":{"Display":"3 - Fair"},"4":{"Display":"4 - Good"},"5":{"Display":"5 - Excellent"}},"ChoiceOrder":[1,2,3,4,5],"Validation":{"Settings":{"ForceResponse":"ON","ForceResponseType":"ON","Type":"None"}},"GradingData":[],"Language":[],"NextChoiceId":6,"NextAnswerId":1,"QuestionID":"QID8"}},{"SurveyID":"SV_9AG3nASPtAAqMB0","Element":"SQ","PrimaryAttribute":"QID10","SecondaryAttribute":"Please listen to the following speech sample and rate its naturalness.\u00a0","TertiaryAttribute":null,"Payload":{"QuestionText":"Please listen to the following speech sample and rate its naturalness.&nbsp;<br>\n<br>\n<audio width=\"320\" preload=\"auto\" height=\"40\" controls=\"true\" class=\"qmedia\"><source type=\"audio\/wav\" src=\"https:\/\/rug.eu.qualtrics.com\/CP\/File.php?F=F_3JcU8RCjBXIorj0\"><\/audio>","DefaultChoices":false,"DataExportTag":"3 - Sentence","QuestionType":"MC","Selector":"SAVR","SubSelector":"TX","DataVisibility":{"Private":false,"Hidden":false},"Configuration":{"QuestionDescriptionOption":"UseText"},"QuestionDescription":"Please listen to the following speech sample and rate its naturalness.\u00a0","Choices":{"1":{"Display":"1 - Bad"},"2":{"Display":"2 - Poor"},"3":{"Display":"3 - Fair"},"4":{"Display":"4 - Good"},"5":{"Display":"5 - Excellent"}},"ChoiceOrder":[1,2,3,4,5],"Validation":{"Settings":{"ForceResponse":"ON","ForceResponseType":"ON","Type":"None"}},"GradingData":[],"Language":[],"NextChoiceId":6,"NextAnswerId":1,"QuestionID":"QID10"}},{"SurveyID":"SV_9AG3nASPtAAqMB0","Element":"SQ","PrimaryAttribute":"QID12","SecondaryAttribute":"Please listen to the following speech sample and rate its naturalness.\u00a0","TertiaryAttribute":null,"Payload":{"QuestionText":"Please listen to the following speech sample and rate its naturalness.&nbsp;<br>\n<audio width=\"320\" preload=\"auto\" height=\"40\" controls=\"true\" class=\"qmedia\"><source type=\"audio\/wav\" src=\"https:\/\/rug.eu.qualtrics.com\/CP\/File.php?F=F_e2tk0N2g94ImkGq\"><\/audio>","DefaultChoices":false,"DataExportTag":"2 - Word","QuestionType":"MC","Selector":"SAVR","SubSelector":"TX","DataVisibility":{"Private":false,"Hidden":false},"Configuration":{"QuestionDescriptionOption":"UseText"},"QuestionDescription":"Please listen to the following speech sample and rate its naturalness.\u00a0","Choices":{"1":{"Display":"1 - Bad"},"2":{"Display":"2 - Poor"},"3":{"Display":"3 - Fair"},"4":{"Display":"4 - Good"},"5":{"Display":"5 - Excellent"}},"ChoiceOrder":[1,2,3,4,5],"Validation":{"Settings":{"ForceResponse":"ON","ForceResponseType":"ON","Type":"None"}},"GradingData":[],"Language":[],"NextChoiceId":6,"NextAnswerId":1,"QuestionID":"QID12"}},{"SurveyID":"SV_9AG3nASPtAAqMB0","Element":"SQ","PrimaryAttribute":"QID11","SecondaryAttribute":"Please listen to the following speech sample and rate its naturalness.\u00a0 \u00a0","TertiaryAttribute":null,"Payload":{"QuestionText":"Please listen to the following speech sample and rate its naturalness.&nbsp;<br>\n<br>\n<audio width=\"320\" preload=\"auto\" height=\"40\" controls=\"true\" class=\"qmedia\"><source type=\"audio\/wav\" src=\"https:\/\/rug.eu.qualtrics.com\/CP\/File.php?F=F_afydHoepYsLVrEy\"><\/audio>\n<br>\n<br>\n&nbsp;","DefaultChoices":false,"DataExportTag":"3 - Multi-Sentence","QuestionType":"MC","Selector":"SAVR","SubSelector":"TX","DataVisibility":{"Private":false,"Hidden":false},"Configuration":{"QuestionDescriptionOption":"UseText"},"QuestionDescription":"Please listen to the following speech sample and rate its naturalness.\u00a0 \u00a0","Choices":{"1":{"Display":"1 - Bad"},"2":{"Display":"2 - Poor"},"3":{"Display":"3 - Fair"},"4":{"Display":"4 - Good"},"5":{"Display":"5 - Excellent"}},"ChoiceOrder":[1,2,3,4,5],"Validation":{"Settings":{"ForceResponse":"ON","ForceResponseType":"ON","Type":"None"}},"GradingData":[],"Language":[],"NextChoiceId":6,"NextAnswerId":1,"QuestionID":"QID11"}},{"SurveyID":"SV_9AG3nASPtAAqMB0","Element":"SQ","PrimaryAttribute":"QID15","SecondaryAttribute":"Please listen to the following speech sample and rate its naturalness.\u00a0 \u00a0","TertiaryAttribute":null,"Payload":{"QuestionText":"Please listen to the following speech sample and rate its naturalness.&nbsp;<br>\n<audio width=\"320\" preload=\"auto\" height=\"40\" controls=\"true\" class=\"qmedia\"><source type=\"audio\/wav\" src=\"https:\/\/rug.eu.qualtrics.com\/CP\/File.php?F=F_7TAK1yqQarL5IIC\"><\/audio>\n<br>\n<br>\n&nbsp;","DefaultChoices":false,"DataExportTag":"2 - Phrase","QuestionType":"MC","Selector":"SAVR","SubSelector":"TX","DataVisibility":{"Private":false,"Hidden":false},"Configuration":{"QuestionDescriptionOption":"UseText"},"QuestionDescription":"Please listen to the following speech sample and rate its naturalness.\u00a0 \u00a0","Choices":{"1":{"Display":"1 - Bad"},"2":{"Display":"2 - Poor"},"3":{"Display":"3 - Fair"},"4":{"Display":"4 - Good"},"5":{"Display":"5 - Excellent"}},"ChoiceOrder":[1,2,3,4,5],"Validation":{"Settings":{"ForceResponse":"ON","ForceResponseType":"ON","Type":"None"}},"GradingData":[],"Language":[],"NextChoiceId":6,"NextAnswerId":1,"QuestionID":"QID15"}},{"SurveyID":"SV_9AG3nASPtAAqMB0","Element":"SQ","PrimaryAttribute":"QID3","SecondaryAttribute":"Thank you for participating in this study!\u00a0This survey should take approximately 2-3 minutes to c..","TertiaryAttribute":null,"Payload":{"QuestionText":"Thank you for participating in this study!&nbsp;This survey should take approximately 2-3 minutes to complete.<br>\n<br>\nThis survey is being conducted as part of my master's thesis to fulfill the requirements of the Master of Science in Voice Technology at the University of Groningen.<br>\n<br>\nI am interested in understanding how human listeners perceive and evaluate speech. In this survey, you will listen to a series of speech samples and rate their naturalness.<br>\n<br>\n<strong>Instructions:<\/strong>\n<ul>\n\t<li>You will be presented with 4 speech samples.<\/li>\n\t<li>After listening to each sample, please rate the naturalness of the voice on a scale from 1 to 5, where 1 indicates \"Bad\" and 5 indicates \"Excellent.\"<\/li>\n<\/ul>\n<br>\n<strong>Important to Note:<\/strong>\n\n<ul>\n\t<li>There are no right or wrong answers.<\/li>\n\t<li>Please provide your honest opinion based on your personal perception of the voice's naturalness.<\/li>\n\t<li>Your responses are anonymous, and all data will be kept confidential.<\/li>\n\t<li>It is recommended to use headphones for this survey.<\/li>\n<\/ul>\n<br>\nWhen you are ready, click the arrow to begin. Thank you for your participation!","DefaultChoices":false,"DataExportTag":"Introduction","QuestionType":"DB","Selector":"TB","DataVisibility":{"Private":false,"Hidden":false},"Configuration":{"QuestionDescriptionOption":"UseText"},"QuestionDescription":"Thank you for participating in this study!\u00a0This survey should take approximately 2-3 minutes to c...","ChoiceOrder":[],"Validation":{"Settings":{"Type":"None"}},"GradingData":[],"Language":[],"NextChoiceId":4,"NextAnswerId":1,"QuestionID":"QID3"}}]}