{"SurveyEntry":{"SurveyID":"SV_enx8pR0WNZhmLb0","SurveyName":"MOS Pilot","SurveyDescription":null,"SurveyOwnerID":"UR_0rHBNkbbLDaHnlY","SurveyBrandID":"rug","DivisionID":null,"SurveyLanguage":"EN","SurveyActiveResponseSet":"RS_3xhA3eO9QTo8C3Q","SurveyStatus":"Inactive","SurveyStartDate":"0000-00-00 00:00:00","SurveyExpirationDate":"0000-00-00 00:00:00","SurveyCreationDate":"2024-05-14 22:30:17","CreatorID":"UR_0rHBNkbbLDaHnlY","LastModified":"2024-06-08 14:40:13","LastAccessed":"0000-00-00 00:00:00","LastActivated":"2024-05-17 05:12:11","Deleted":null},"SurveyElements":[{"SurveyID":"SV_enx8pR0WNZhmLb0","Element":"BL","PrimaryAttribute":"Survey Blocks","SecondaryAttribute":null,"TertiaryAttribute":null,"Payload":[{"Type":"Default","Description":"Introduction","ID":"BL_6Exrog0xf0jBTy6","BlockElements":[{"Type":"Question","QuestionID":"QID2"}],"Options":{"BlockLocking":"false","RandomizeQuestions":"false","BlockVisibility":"Expanded"}},{"Type":"Trash","Description":"Trash \/ Unused Questions","ID":"BL_d6Uy6bvt3FrqgK2","BlockElements":[]},{"Type":"Standard","SubType":"","Description":"MMS Word","ID":"BL_eJAj5rbTlt6EbRA","BlockElements":[{"Type":"Question","QuestionID":"QID3"}],"Options":{"BlockLocking":"false","RandomizeQuestions":"false","BlockVisibility":"Expanded"}},{"Type":"Standard","SubType":"","Description":"Joco Word","ID":"BL_8cry1AqdIvZR4PQ","BlockElements":[{"Type":"Question","QuestionID":"QID6"}],"Options":{"BlockLocking":"false","RandomizeQuestions":"false","BlockVisibility":"Collapsed"}},{"Type":"Standard","SubType":"","Description":"Joco Sentence","ID":"BL_0HTmQhs9V3RdVKm","BlockElements":[{"Type":"Question","QuestionID":"QID10"},{"Type":"Question","QuestionID":"QID9"}],"Options":{"BlockLocking":"false","RandomizeQuestions":"RandomWithOnlyX","Randomization":{"Advanced":{"TotalRandSubset":"1","QuestionsPerPage":0}},"BlockVisibility":"Collapsed"}},{"Type":"Standard","SubType":"","Description":"MMS Long Form","ID":"BL_bpZFGz5N8HqrHV4","BlockElements":[{"Type":"Question","QuestionID":"QID15"}],"Options":{"BlockLocking":"false","RandomizeQuestions":"false","BlockVisibility":"Collapsed"}},{"Type":"Standard","SubType":"","Description":"MMS Sentence","ID":"BL_cYn2BUtsOxkyeQ6","BlockElements":[{"Type":"Question","QuestionID":"QID7"},{"Type":"Question","QuestionID":"QID8"}],"Options":{"BlockLocking":"false","RandomizeQuestions":"RandomWithOnlyX","Randomization":{"Advanced":{"TotalRandSubset":"1","QuestionsPerPage":0}},"BlockVisibility":"Collapsed"}},{"Type":"Standard","SubType":"","Description":"MMS Phrase","ID":"BL_0f8Jx6ktV4kJvAq","BlockElements":[{"Type":"Question","QuestionID":"QID11"},{"Type":"Question","QuestionID":"QID12"}],"Options":{"BlockLocking":"false","RandomizeQuestions":"RandomWithOnlyX","Randomization":{"Advanced":{"TotalRandSubset":"1","QuestionsPerPage":0}},"BlockVisibility":"Collapsed"}},{"Type":"Standard","SubType":"","Description":"Joco Phrase","ID":"BL_71Y12BrJ12XNqXc","BlockElements":[{"Type":"Question","QuestionID":"QID13"},{"Type":"Question","QuestionID":"QID14"}],"Options":{"BlockLocking":"false","RandomizeQuestions":"RandomWithOnlyX","BlockVisibility":"Collapsed","Randomization":{"Advanced":{"TotalRandSubset":"1","QuestionsPerPage":0}}}},{"Type":"Standard","SubType":"","Description":"Joco Long Form","ID":"BL_0iDxjRUWlZhHY0u","BlockElements":[{"Type":"Question","QuestionID":"QID16"}],"Options":{"BlockLocking":"false","RandomizeQuestions":"false","BlockVisibility":"Collapsed"}}]},{"SurveyID":"SV_enx8pR0WNZhmLb0","Element":"FL","PrimaryAttribute":"Survey Flow","SecondaryAttribute":null,"TertiaryAttribute":null,"Payload":{"Type":"Root","FlowID":"FL_1","Flow":[{"Type":"Block","ID":"BL_6Exrog0xf0jBTy6","FlowID":"FL_2","Autofill":[]},{"Type":"BlockRandomizer","FlowID":"FL_14","SubSet":1,"EvenPresentation":true,"Flow":[{"Type":"Group","FlowID":"FL_12","Description":"MMS","Flow":[{"Type":"BlockRandomizer","FlowID":"FL_15","SubSet":4,"Flow":[{"Type":"Standard","ID":"BL_eJAj5rbTlt6EbRA","FlowID":"FL_3","Autofill":[]},{"Type":"Standard","ID":"BL_cYn2BUtsOxkyeQ6","FlowID":"FL_7","Autofill":[]},{"Type":"Standard","ID":"BL_0f8Jx6ktV4kJvAq","FlowID":"FL_8","Autofill":[]},{"Type":"Standard","ID":"BL_bpZFGz5N8HqrHV4","FlowID":"FL_6","Autofill":[]}]}]},{"Type":"Group","FlowID":"FL_13","Description":"Joco","Flow":[{"Type":"BlockRandomizer","FlowID":"FL_16","SubSet":4,"Flow":[{"Type":"Standard","ID":"BL_8cry1AqdIvZR4PQ","FlowID":"FL_4","Autofill":[]},{"Type":"Standard","ID":"BL_0HTmQhs9V3RdVKm","FlowID":"FL_5","Autofill":[]},{"Type":"Standard","ID":"BL_71Y12BrJ12XNqXc","FlowID":"FL_10","Autofill":[]},{"Type":"Standard","ID":"BL_0iDxjRUWlZhHY0u","FlowID":"FL_11","Autofill":[]}]}]}]},{"Type":"EndSurvey","FlowID":"FL_17"}],"Properties":{"Count":17,"RemovedFieldsets":[]}}},{"SurveyID":"SV_enx8pR0WNZhmLb0","Element":"PL","PrimaryAttribute":"Preview Link","SecondaryAttribute":null,"TertiaryAttribute":null,"Payload":{"PreviewType":"Brand","PreviewID":"b8847204-f471-4b83-9135-396245525fff"}},{"SurveyID":"SV_enx8pR0WNZhmLb0","Element":"SO","PrimaryAttribute":"Survey Options","SecondaryAttribute":null,"TertiaryAttribute":null,"Payload":{"BackButton":"false","SaveAndContinue":"true","SurveyProtection":"PublicSurvey","BallotBoxStuffingPrevention":"false","NoIndex":"Yes","SecureResponseFiles":"true","SurveyExpiration":"None","SurveyTermination":"DefaultMessage","Header":"","Footer":"","ProgressBarDisplay":"None","PartialData":"+1 week","ValidationMessage":null,"PreviousButton":"","NextButton":"","SurveyTitle":"Qualtrics Survey | Qualtrics Experience Management","SkinLibrary":"rug","SkinType":"templated","Skin":{"brandingId":"5140393125","templateId":"*base","overrides":null},"NewScoring":1,"SurveyMetaDescription":"The most powerful, simple and trusted way to gather experience data. Start your journey to experience management and try a free account today.","SurveyName":"MOS Pilot","EOSMessage":null,"ShowExportTags":"false","CollectGeoLocation":"false","PasswordProtection":"No","AnonymizeResponse":"No","RefererCheck":"No","UseCustomSurveyLinkCompletedMessage":null,"SurveyLinkCompletedMessage":null,"SurveyLinkCompletedMessageLibrary":null,"ResponseSummary":"No","EOSMessageLibrary":null,"EOSRedirectURL":null,"EmailThankYou":"false","ThankYouEmailMessageLibrary":null,"ThankYouEmailMessage":null,"ValidateMessage":"false","ValidationMessageLibrary":null,"InactiveSurvey":null,"PartialDeletion":null,"PartialDataCloseAfter":"LastActivity","InactiveMessageLibrary":null,"InactiveMessage":null,"AvailableLanguages":{"EN":[]},"ProtectSelectionIds":true}},{"SurveyID":"SV_enx8pR0WNZhmLb0","Element":"SCO","PrimaryAttribute":"Scoring","SecondaryAttribute":null,"TertiaryAttribute":null,"Payload":{"ScoringCategories":[],"ScoringCategoryGroups":[],"ScoringSummaryCategory":null,"ScoringSummaryAfterQuestions":0,"ScoringSummaryAfterSurvey":0,"DefaultScoringCategory":null,"AutoScoringCategory":null}},{"SurveyID":"SV_enx8pR0WNZhmLb0","Element":"PROJ","PrimaryAttribute":"CORE","SecondaryAttribute":null,"TertiaryAttribute":"1.1.0","Payload":{"ProjectCategory":"CORE","SchemaVersion":"1.1.0"}},{"SurveyID":"SV_enx8pR0WNZhmLb0","Element":"STAT","PrimaryAttribute":"Survey Statistics","SecondaryAttribute":null,"TertiaryAttribute":null,"Payload":{"MobileCompatible":true,"ID":"Survey Statistics"}},{"SurveyID":"SV_enx8pR0WNZhmLb0","Element":"QC","PrimaryAttribute":"Survey Question Count","SecondaryAttribute":"16","TertiaryAttribute":null,"Payload":null},{"SurveyID":"SV_enx8pR0WNZhmLb0","Element":"RS","PrimaryAttribute":"RS_3xhA3eO9QTo8C3Q","SecondaryAttribute":"Default Response Set","TertiaryAttribute":null,"Payload":null},{"SurveyID":"SV_enx8pR0WNZhmLb0","Element":"SQ","PrimaryAttribute":"QID2","SecondaryAttribute":"Introduction","TertiaryAttribute":null,"Payload":{"QuestionText":"Thank you for participating in this study!&nbsp;<br>\n<br>\nI am interested in learning more about what makes a voice sound \"natural.\" In this survey, you will listen to a series of speech samples and rate their naturalness.&nbsp;<br>\n<br>\n<strong>Instructions:<\/strong>\n<ol>\n\t<li>You will hear several 4 voice samples--some very short.<\/li>\n\t<li>After listening to each sample, please rate the quality of the voice on a scale from 1 to 5, where 1 means \"Bad\" and 5 means \"Excellent.\"<\/li>\n\t<li>There are no right or wrong answers. Please provide your honest opinion based on your personal perception of the voice's naturalness.<\/li>\n<\/ol>\n<br>\n<br>\nYour responses are anonymous, and all data will be kept confidential. The survey should take approximately 2-3 minutes to complete.<br>\n<br>\nWhen you are ready, click the arrow to begin.<br>\n<br>\nThank you for your participation!","DefaultChoices":false,"DataExportTag":"Q1","QuestionType":"DB","Selector":"TB","DataVisibility":{"Private":false,"Hidden":false},"Configuration":{"QuestionDescriptionOption":"SpecifyLabel"},"QuestionDescription":"Introduction","ChoiceOrder":[],"Validation":{"Settings":{"Type":"None"}},"GradingData":[],"Language":[],"NextChoiceId":4,"NextAnswerId":1,"QuestionID":"QID2"}},{"SurveyID":"SV_enx8pR0WNZhmLb0","Element":"SQ","PrimaryAttribute":"QID6","SecondaryAttribute":"Please listen to the following speech sample and rate its naturalness. (1 = Bad, 5 = Excellent)","TertiaryAttribute":null,"Payload":{"QuestionText":"Please listen to the following speech sample and rate its naturalness. (1 = Bad, 5 = Excellent)<br><br>\n<audio class=\"qmedia\" controls=\"true\" height=\"40\" preload=\"auto\" width=\"320\"><source src=\"https:\/\/rug.eu.qualtrics.com\/CP\/File.php?F=F_4N0r4Jpn0bwaRbo\" type=\"audio\/wav\"><\/audio>","DefaultChoices":false,"DataExportTag":"Word 2 - Joco","QuestionType":"MC","Selector":"SAVR","SubSelector":"TX","DataVisibility":{"Private":false,"Hidden":false},"Configuration":{"QuestionDescriptionOption":"UseText"},"QuestionDescription":"Please listen to the following speech sample and rate its naturalness. (1 = Bad, 5 = Excellent)","Choices":{"1":{"Display":"1"},"2":{"Display":"2"},"3":{"Display":"3"},"4":{"Display":"4"},"5":{"Display":"5"}},"ChoiceOrder":[1,2,3,4,5],"Validation":{"Settings":{"ForceResponse":"OFF","Type":"None"}},"GradingData":[],"Language":[],"NextChoiceId":6,"NextAnswerId":1,"QuestionID":"QID6"}},{"SurveyID":"SV_enx8pR0WNZhmLb0","Element":"SQ","PrimaryAttribute":"QID9","SecondaryAttribute":"Please listen to the following speech sample and rate its naturalness. (1 = Bad, 5 = Excellent)","TertiaryAttribute":null,"Payload":{"QuestionText":"Please listen to the following speech sample and rate its naturalness. (1 = Bad, 5 = Excellent)<br \/>\n<br \/>\n<audio class=\"qmedia\" controls=\"true\" height=\"40\" preload=\"auto\" width=\"320\"><source src=\"https:\/\/rug.eu.qualtrics.com\/CP\/File.php?F=F_4GaRVWKaKDFTYVM\" type=\"audio\/wav\" \/><embed class=\"qmedia\" flashconsts=\"file=https:\/\/rug.eu.qualtrics.com\/CP\/File.php?F=F_4GaRVWKaKDFTYVM&amp;width=320&amp;height=20&amp;type=wav&amp;autostart=false\" height=\"20\" pluginspage=\"http:\/\/adobe.com\/flashplayer\/\" src=\"\/WRQualtricsShared\/Flash\/flvplayer.swf\" type=\"application\/x-shockwave-flash\" width=\"320\" wmode=\"transparent\" \/><\/audio>","DefaultChoices":false,"DataExportTag":"Sent 3 - Joco","QuestionType":"MC","Selector":"SAVR","SubSelector":"TX","DataVisibility":{"Private":false,"Hidden":false},"Configuration":{"QuestionDescriptionOption":"UseText"},"QuestionDescription":"Please listen to the following speech sample and rate its naturalness. (1 = Bad, 5 = Excellent)","Choices":{"1":{"Display":"1"},"2":{"Display":"2"},"3":{"Display":"3"},"4":{"Display":"4"},"5":{"Display":"5"}},"ChoiceOrder":[1,2,3,4,5],"Validation":{"Settings":{"ForceResponse":"OFF","Type":"None"}},"GradingData":[],"Language":[],"NextChoiceId":6,"NextAnswerId":1,"QuestionID":"QID9"}},{"SurveyID":"SV_enx8pR0WNZhmLb0","Element":"SQ","PrimaryAttribute":"QID10","SecondaryAttribute":"Please listen to the following speech sample and rate its naturalness. (1 = Bad, 5 = Excellent)","TertiaryAttribute":null,"Payload":{"QuestionText":"Please listen to the following speech sample and rate its naturalness. (1 = Bad, 5 = Excellent)<br>\n<br>\n<audio width=\"320\" preload=\"auto\" height=\"40\" controls=\"true\" class=\"qmedia\"><source type=\"audio\/wav\" src=\"https:\/\/rug.eu.qualtrics.com\/CP\/File.php?F=F_6gIRTXeI6CFIFjU\"><\/audio>","DefaultChoices":false,"DataExportTag":"Sent 4 - Joco","QuestionType":"MC","Selector":"SAVR","SubSelector":"TX","DataVisibility":{"Private":false,"Hidden":false},"Configuration":{"QuestionDescriptionOption":"UseText"},"QuestionDescription":"Please listen to the following speech sample and rate its naturalness. (1 = Bad, 5 = Excellent)","Choices":{"1":{"Display":"1"},"2":{"Display":"2"},"3":{"Display":"3"},"4":{"Display":"4"},"5":{"Display":"5"}},"ChoiceOrder":[1,2,3,4,5],"Validation":{"Settings":{"ForceResponse":"OFF","Type":"None"}},"GradingData":[],"Language":[],"NextChoiceId":6,"NextAnswerId":1,"QuestionID":"QID10"}},{"SurveyID":"SV_enx8pR0WNZhmLb0","Element":"SQ","PrimaryAttribute":"QID11","SecondaryAttribute":"Please listen to the following speech sample and rate its naturalness. (1 = Bad, 5 = Excellent)","TertiaryAttribute":null,"Payload":{"QuestionText":"Please listen to the following speech sample and rate its naturalness. (1 = Bad, 5 = Excellent)<br \/>\n<br \/>\n<audio class=\"qmedia\" controls=\"true\" height=\"40\" preload=\"auto\" width=\"320\"><source src=\"https:\/\/rug.eu.qualtrics.com\/CP\/File.php?F=F_3z6f0U1yAITzyt0\" type=\"audio\/wav\" \/><embed class=\"qmedia\" flashconsts=\"file=https:\/\/rug.eu.qualtrics.com\/CP\/File.php?F=F_3z6f0U1yAITzyt0&amp;width=320&amp;height=20&amp;type=wav&amp;autostart=false\" height=\"20\" pluginspage=\"http:\/\/adobe.com\/flashplayer\/\" src=\"\/WRQualtricsShared\/Flash\/flvplayer.swf\" type=\"application\/x-shockwave-flash\" width=\"320\" wmode=\"transparent\" \/><\/audio>","DefaultChoices":false,"DataExportTag":"Phrase 1 - MMS","QuestionType":"MC","Selector":"SAVR","SubSelector":"TX","DataVisibility":{"Private":false,"Hidden":false},"Configuration":{"QuestionDescriptionOption":"UseText"},"QuestionDescription":"Please listen to the following speech sample and rate its naturalness. (1 = Bad, 5 = Excellent)","Choices":{"1":{"Display":"1"},"2":{"Display":"2"},"3":{"Display":"3"},"4":{"Display":"4"},"5":{"Display":"5"}},"ChoiceOrder":[1,2,3,4,5],"Validation":{"Settings":{"ForceResponse":"OFF","Type":"None"}},"GradingData":[],"Language":[],"NextChoiceId":6,"NextAnswerId":1,"QuestionID":"QID11"}},{"SurveyID":"SV_enx8pR0WNZhmLb0","Element":"SQ","PrimaryAttribute":"QID12","SecondaryAttribute":"Please listen to the following speech sample and rate its naturalness. (1 = Bad, 5 = Excellent)","TertiaryAttribute":null,"Payload":{"QuestionText":"Please listen to the following speech sample and rate its naturalness. (1 = Bad, 5 = Excellent)<br \/>\n<br \/>\n<audio class=\"qmedia\" controls=\"true\" height=\"40\" preload=\"auto\" width=\"320\"><source src=\"https:\/\/rug.eu.qualtrics.com\/CP\/File.php?F=F_1Rgzl7sR0jX7zSK\" type=\"audio\/wav\" \/><embed class=\"qmedia\" flashconsts=\"file=https:\/\/rug.eu.qualtrics.com\/CP\/File.php?F=F_1Rgzl7sR0jX7zSK&amp;width=320&amp;height=20&amp;type=wav&amp;autostart=false\" height=\"20\" pluginspage=\"http:\/\/adobe.com\/flashplayer\/\" src=\"\/WRQualtricsShared\/Flash\/flvplayer.swf\" type=\"application\/x-shockwave-flash\" width=\"320\" wmode=\"transparent\" \/><\/audio>","DefaultChoices":false,"DataExportTag":"Phrase 2 - MMS","QuestionType":"MC","Selector":"SAVR","SubSelector":"TX","DataVisibility":{"Private":false,"Hidden":false},"Configuration":{"QuestionDescriptionOption":"UseText"},"QuestionDescription":"Please listen to the following speech sample and rate its naturalness. (1 = Bad, 5 = Excellent)","Choices":{"1":{"Display":"1"},"2":{"Display":"2"},"3":{"Display":"3"},"4":{"Display":"4"},"5":{"Display":"5"}},"ChoiceOrder":[1,2,3,4,5],"Validation":{"Settings":{"ForceResponse":"OFF","Type":"None"}},"GradingData":[],"Language":[],"NextChoiceId":6,"NextAnswerId":1,"QuestionID":"QID12"}},{"SurveyID":"SV_enx8pR0WNZhmLb0","Element":"SQ","PrimaryAttribute":"QID13","SecondaryAttribute":"Please listen to the following speech sample and rate its naturalness. (1 = Bad, 5 = Excellent)","TertiaryAttribute":null,"Payload":{"QuestionText":"Please listen to the following speech sample and rate its naturalness. (1 = Bad, 5 = Excellent)<br \/>\n<br \/>\n<audio class=\"qmedia\" controls=\"true\" height=\"40\" preload=\"auto\" width=\"320\"><source src=\"https:\/\/rug.eu.qualtrics.com\/CP\/File.php?F=F_6J5Pz7sXuC9YyNg\" type=\"audio\/wav\" \/><embed class=\"qmedia\" flashconsts=\"file=https:\/\/rug.eu.qualtrics.com\/CP\/File.php?F=F_6J5Pz7sXuC9YyNg&amp;width=320&amp;height=20&amp;type=wav&amp;autostart=false\" height=\"20\" pluginspage=\"http:\/\/adobe.com\/flashplayer\/\" src=\"\/WRQualtricsShared\/Flash\/flvplayer.swf\" type=\"application\/x-shockwave-flash\" width=\"320\" wmode=\"transparent\" \/><\/audio>","DefaultChoices":false,"DataExportTag":"Phrase 3 - Joco","QuestionType":"MC","Selector":"SAVR","SubSelector":"TX","DataVisibility":{"Private":false,"Hidden":false},"Configuration":{"QuestionDescriptionOption":"UseText"},"QuestionDescription":"Please listen to the following speech sample and rate its naturalness. (1 = Bad, 5 = Excellent)","Choices":{"1":{"Display":"1"},"2":{"Display":"2"},"3":{"Display":"3"},"4":{"Display":"4"},"5":{"Display":"5"}},"ChoiceOrder":[1,2,3,4,5],"Validation":{"Settings":{"ForceResponse":"OFF","Type":"None"}},"GradingData":[],"Language":[],"NextChoiceId":6,"NextAnswerId":1,"QuestionID":"QID13"}},{"SurveyID":"SV_enx8pR0WNZhmLb0","Element":"SQ","PrimaryAttribute":"QID14","SecondaryAttribute":"Please listen to the following speech sample and rate its naturalness. (1 = Bad, 5 = Excellent)","TertiaryAttribute":null,"Payload":{"QuestionText":"Please listen to the following speech sample and rate its naturalness. (1 = Bad, 5 = Excellent)<br \/>\n<br \/>\n<audio class=\"qmedia\" controls=\"true\" height=\"40\" preload=\"auto\" width=\"320\"><source src=\"https:\/\/rug.eu.qualtrics.com\/CP\/File.php?F=F_8DfWqDAookUAGEK\" type=\"audio\/wav\" \/><embed class=\"qmedia\" flashconsts=\"file=https:\/\/rug.eu.qualtrics.com\/CP\/File.php?F=F_8DfWqDAookUAGEK&amp;width=320&amp;height=20&amp;type=wav&amp;autostart=false\" height=\"20\" pluginspage=\"http:\/\/adobe.com\/flashplayer\/\" src=\"\/WRQualtricsShared\/Flash\/flvplayer.swf\" type=\"application\/x-shockwave-flash\" width=\"320\" wmode=\"transparent\" \/><\/audio>","DefaultChoices":false,"DataExportTag":"Phrase 4 - Joco","QuestionType":"MC","Selector":"SAVR","SubSelector":"TX","DataVisibility":{"Private":false,"Hidden":false},"Configuration":{"QuestionDescriptionOption":"UseText"},"QuestionDescription":"Please listen to the following speech sample and rate its naturalness. (1 = Bad, 5 = Excellent)","Choices":{"1":{"Display":"1"},"2":{"Display":"2"},"3":{"Display":"3"},"4":{"Display":"4"},"5":{"Display":"5"}},"ChoiceOrder":[1,2,3,4,5],"Validation":{"Settings":{"ForceResponse":"OFF","Type":"None"}},"GradingData":[],"Language":[],"NextChoiceId":6,"NextAnswerId":1,"QuestionID":"QID14"}},{"SurveyID":"SV_enx8pR0WNZhmLb0","Element":"SQ","PrimaryAttribute":"QID15","SecondaryAttribute":"Please listen to the following speech sample and rate its naturalness. (1 = Bad, 5 = Excellent)","TertiaryAttribute":null,"Payload":{"QuestionText":"Please listen to the following speech sample and rate its naturalness. (1 = Bad, 5 = Excellent)<br \/>\n<br \/>\n<audio class=\"qmedia\" controls=\"true\" height=\"40\" preload=\"auto\" width=\"320\"><source src=\"https:\/\/rug.eu.qualtrics.com\/CP\/File.php?F=F_1SpUojvgWOaivLU\" type=\"audio\/wav\" \/><embed class=\"qmedia\" flashconsts=\"file=https:\/\/rug.eu.qualtrics.com\/CP\/File.php?F=F_1SpUojvgWOaivLU&amp;width=320&amp;height=20&amp;type=wav&amp;autostart=false\" height=\"20\" pluginspage=\"http:\/\/adobe.com\/flashplayer\/\" src=\"\/WRQualtricsShared\/Flash\/flvplayer.swf\" type=\"application\/x-shockwave-flash\" width=\"320\" wmode=\"transparent\" \/><\/audio>","DefaultChoices":false,"DataExportTag":"Long Form - MMS","QuestionType":"MC","Selector":"SAVR","SubSelector":"TX","DataVisibility":{"Private":false,"Hidden":false},"Configuration":{"QuestionDescriptionOption":"UseText"},"QuestionDescription":"Please listen to the following speech sample and rate its naturalness. (1 = Bad, 5 = Excellent)","Choices":{"1":{"Display":"1"},"2":{"Display":"2"},"3":{"Display":"3"},"4":{"Display":"4"},"5":{"Display":"5"}},"ChoiceOrder":[1,2,3,4,5],"Validation":{"Settings":{"ForceResponse":"OFF","Type":"None"}},"GradingData":[],"Language":[],"NextChoiceId":6,"NextAnswerId":1,"QuestionID":"QID15"}},{"SurveyID":"SV_enx8pR0WNZhmLb0","Element":"SQ","PrimaryAttribute":"QID16","SecondaryAttribute":"Please listen to the following speech sample and rate its naturalness. (1 = Bad, 5 = Excellent)","TertiaryAttribute":null,"Payload":{"QuestionText":"Please listen to the following speech sample and rate its naturalness. (1 = Bad, 5 = Excellent)<br \/>\n<br \/>\n<audio class=\"qmedia\" controls=\"true\" height=\"40\" preload=\"auto\" width=\"320\"><source src=\"https:\/\/rug.eu.qualtrics.com\/CP\/File.php?F=F_8jnZggbD79VufH0\" type=\"audio\/wav\" \/><embed class=\"qmedia\" flashconsts=\"file=https:\/\/rug.eu.qualtrics.com\/CP\/File.php?F=F_8jnZggbD79VufH0&amp;width=320&amp;height=20&amp;type=wav&amp;autostart=false\" height=\"20\" pluginspage=\"http:\/\/adobe.com\/flashplayer\/\" src=\"\/WRQualtricsShared\/Flash\/flvplayer.swf\" type=\"application\/x-shockwave-flash\" width=\"320\" wmode=\"transparent\" \/><\/audio>","DefaultChoices":false,"DataExportTag":"Long Form - Joco","QuestionType":"MC","Selector":"SAVR","SubSelector":"TX","DataVisibility":{"Private":false,"Hidden":false},"Configuration":{"QuestionDescriptionOption":"UseText"},"QuestionDescription":"Please listen to the following speech sample and rate its naturalness. (1 = Bad, 5 = Excellent)","Choices":{"1":{"Display":"1"},"2":{"Display":"2"},"3":{"Display":"3"},"4":{"Display":"4"},"5":{"Display":"5"}},"ChoiceOrder":[1,2,3,4,5],"Validation":{"Settings":{"ForceResponse":"OFF","Type":"None"}},"GradingData":[],"Language":[],"NextChoiceId":6,"NextAnswerId":1,"QuestionID":"QID16"}},{"SurveyID":"SV_enx8pR0WNZhmLb0","Element":"SQ","PrimaryAttribute":"QID7","SecondaryAttribute":"Please listen to the following speech sample and rate its naturalness. (1 = Bad, 5 = Excellent) \u00a0","TertiaryAttribute":null,"Payload":{"QuestionText":"Please listen to the following speech sample and rate its naturalness. (1 = Bad, 5 = Excellent)<br \/>\n<br \/>\n<audio class=\"qmedia\" controls=\"true\" height=\"40\" preload=\"auto\" width=\"320\"><source src=\"https:\/\/rug.eu.qualtrics.com\/CP\/File.php?F=F_eQgm7q640YHR6US\" type=\"audio\/wav\" \/><embed class=\"qmedia\" flashconsts=\"file=https:\/\/rug.eu.qualtrics.com\/CP\/File.php?F=F_eQgm7q640YHR6US&amp;width=320&amp;height=20&amp;type=wav&amp;autostart=false\" height=\"20\" pluginspage=\"http:\/\/adobe.com\/flashplayer\/\" src=\"\/WRQualtricsShared\/Flash\/flvplayer.swf\" type=\"application\/x-shockwave-flash\" width=\"320\" wmode=\"transparent\" \/><\/audio>\n<br \/>\n&nbsp;","DefaultChoices":false,"DataExportTag":"Sent 1 - MMS","QuestionType":"MC","Selector":"SAVR","SubSelector":"TX","DataVisibility":{"Private":false,"Hidden":false},"Configuration":{"QuestionDescriptionOption":"UseText"},"QuestionDescription":"Please listen to the following speech sample and rate its naturalness. (1 = Bad, 5 = Excellent) \u00a0","Choices":{"1":{"Display":"1"},"2":{"Display":"2"},"3":{"Display":"3"},"4":{"Display":"4"},"5":{"Display":"5"}},"ChoiceOrder":[1,2,3,4,5],"Validation":{"Settings":{"ForceResponse":"OFF","Type":"None"}},"GradingData":[],"Language":[],"NextChoiceId":6,"NextAnswerId":1,"QuestionID":"QID7"}},{"SurveyID":"SV_enx8pR0WNZhmLb0","Element":"SQ","PrimaryAttribute":"QID8","SecondaryAttribute":"Please listen to the following speech sample and rate its naturalness. (1 = Bad, 5 = Excellent) \u00a0","TertiaryAttribute":null,"Payload":{"QuestionText":"Please listen to the following speech sample and rate its naturalness. (1 = Bad, 5 = Excellent)<br \/>\n<br \/>\n<audio class=\"qmedia\" controls=\"true\" height=\"40\" preload=\"auto\" width=\"320\"><source src=\"https:\/\/rug.eu.qualtrics.com\/CP\/File.php?F=F_0pv6tHdxUUtL1Y2\" type=\"audio\/wav\" \/><embed class=\"qmedia\" flashconsts=\"file=https:\/\/rug.eu.qualtrics.com\/CP\/File.php?F=F_0pv6tHdxUUtL1Y2&amp;width=320&amp;height=20&amp;type=wav&amp;autostart=false\" height=\"20\" pluginspage=\"http:\/\/adobe.com\/flashplayer\/\" src=\"\/WRQualtricsShared\/Flash\/flvplayer.swf\" type=\"application\/x-shockwave-flash\" width=\"320\" wmode=\"transparent\" \/><\/audio>\n<br \/>\n&nbsp;","DefaultChoices":false,"DataExportTag":"Sent 2 - MMS","QuestionType":"MC","Selector":"SAVR","SubSelector":"TX","DataVisibility":{"Private":false,"Hidden":false},"Configuration":{"QuestionDescriptionOption":"UseText"},"QuestionDescription":"Please listen to the following speech sample and rate its naturalness. (1 = Bad, 5 = Excellent) \u00a0","Choices":{"1":{"Display":"1"},"2":{"Display":"2"},"3":{"Display":"3"},"4":{"Display":"4"},"5":{"Display":"5"}},"ChoiceOrder":[1,2,3,4,5],"Validation":{"Settings":{"ForceResponse":"OFF","Type":"None"}},"GradingData":[],"Language":[],"NextChoiceId":6,"NextAnswerId":1,"QuestionID":"QID8"}},{"SurveyID":"SV_enx8pR0WNZhmLb0","Element":"SQ","PrimaryAttribute":"QID3","SecondaryAttribute":"Please listen to the following speech sample and rate its naturalness. (1 =\u00a0 Bad, 5 = Excellent)","TertiaryAttribute":null,"Payload":{"QuestionText":"Please listen to the following speech sample and rate its naturalness. (1 =&nbsp; Bad, 5 = Excellent)<br><br>\n<audio width=\"320\" preload=\"auto\" height=\"40\" controls=\"true\" class=\"qmedia\"><source type=\"audio\/wav\" src=\"https:\/\/rug.eu.qualtrics.com\/CP\/File.php?F=F_0vSHlJzWNO9nidw\"><\/audio>","DefaultChoices":false,"DataExportTag":"Word 1 - MMS","QuestionType":"MC","Selector":"SAVR","SubSelector":"TX","DataVisibility":{"Private":false,"Hidden":false},"Configuration":{"QuestionDescriptionOption":"UseText"},"QuestionDescription":"Please listen to the following speech sample and rate its naturalness. (1 =\u00a0 Bad, 5 = Excellent)","Choices":{"1":{"Display":"1"},"2":{"Display":"2"},"3":{"Display":"3"},"4":{"Display":"4"},"5":{"Display":"5"}},"ChoiceOrder":[1,2,3,4,5],"Validation":{"Settings":{"ForceResponse":"OFF","Type":"None"}},"GradingData":[],"Language":[],"NextChoiceId":6,"NextAnswerId":1,"QuestionID":"QID3"}}]}